lockfileVersion: '9.0'

settings:
  autoInstallPeers: true
  excludeLinksFromLockfile: false

importers:

  .:
    dependencies:
      react:
        specifier: ^19.2.4
        version: 19.2.4
      react-dom:
        specifier: ^19.2.4
        version: 19.2.4(react@19.2.4)
      typescript:
        specifier: ^5.9.3
        version: 5.9.3
    devDependencies:
      '@types/node':
        specifier: ^22.19.11
        version: 22.19.11
      '@types/react':
        specifier: ^19.2.14
        version: 19.2.14
      '@types/react-dom':
        specifier: ^19.2.3
        version: 19.2.3(@types/react@19.2.14)
      '@types/spotify-api':
        specifier: ^0.0.25
        version: 0.0.25
      '@typescript/native-preview':
        specifier: 7.0.0-dev.20260214.1
        version: 7.0.0-dev.20260214.1
      open:
        specifier: ^7.2.1
        version: 7.4.2
      prettier:
        specifier: ^2.0.5
        version: 2.8.8

packages:

  '@types/node@22.19.11':
    resolution: {integrity: sha512-BH7YwL6rA93ReqeQS1c4bsPpcfOmJasG+Fkr6Y59q83f9M1WcBRHR2vM+P9eOisYRcN3ujQoiZY8uk5W+1WL8w==}

  '@types/react-dom@19.2.3':
    resolution: {integrity: sha512-jp2L/eY6fn+KgVVQAOqYItbF0VY/YApe5Mz2F0aykSO8gx31bYCZyvSeYxCHKvzHG5eZjc+zyaS5BrBWya2+kQ==}
    peerDependencies:
      '@types/react': ^19.2.0

  '@types/react@19.2.14':
    resolution: {integrity: sha512-ilcTH/UniCkMdtexkoCN0bI7pMcJDvmQFPvuPvmEaYA/NSfFTAgdUSLAoVjaRJm7+6PvcM+q1zYOwS4wTYMF9w==}

  '@types/spotify-api@0.0.25':
    resolution: {integrity: sha512-okhoy0U9fPWtwqCfbDyW8VxamhqvXE0gXIVeMOh5HcvEFQvWW2X0VsvdiX/OyiGQpZbZiOJXIGrbnIPfK0AIpA==}

  '@typescript/native-preview-darwin-arm64@7.0.0-dev.20260214.1':
    resolution: {integrity: sha512-Jb2WcLGpTOC6x58e8QPYC/14xmDbnbFIuKqUvYoI77hVtojVyxZi8L5Y4CgYqXYx8vRWmIFk35c1OGdtPip6Sg==}
    cpu: [arm64]
    os: [darwin]

  '@typescript/native-preview-darwin-x64@7.0.0-dev.20260214.1':
    resolution: {integrity: sha512-O9l2gVuQFZsb8NIQtu0HN5Tn/Hw2fwylPOPS/0Y4oW+FUMhkqtvetUkb3zZ0qj7capilZ4YnmyGYg3TDqkP4Nw==}
    cpu: [x64]
    os: [darwin]

  '@typescript/native-preview-linux-arm64@7.0.0-dev.20260214.1':
    resolution: {integrity: sha512-Hl4e3yxJqzIGgFI8aH/rLGW+a7kSLHJCpAd5JOLG7hHKnamZF4SjlunnoHLV4IcMri+G6UE3W/84i0QvQP5wLA==}
    cpu: [arm64]
    os: [linux]

  '@typescript/native-preview-linux-arm@7.0.0-dev.20260214.1':
    resolution: {integrity: sha512-TaFrVnx3iXtl/oH1hzwvFyqWj9tzkjW8Ufl2m0Vx2/7GXnzZadm2KA6tFpGbzzWbZJznmXxKHL4O3AZRQYyZqQ==}
    cpu: [arm]
    os: [linux]

  '@typescript/native-preview-linux-x64@7.0.0-dev.20260214.1':
    resolution: {integrity: sha512-a/JypIXTc/tdodhYdQm24WH6aTfnJJjDbwxce4BS2g6IzYSc2GFcZBvlq1CJYS2FAVLpiSxj0OFAZmgjpCDAKg==}
    cpu: [x64]
    os: [linux]

  '@typescript/native-preview-win32-arm64@7.0.0-dev.20260214.1':
    resolution: {integrity: sha512-MJGPEDvdXj8olcWH0P+cWYcaN4r/0J4aSbcaISlen3MZ/2hrrgNl46PV4eGJKKCDniY2pH2fJzrMyJWZOcdb0w==}
    cpu: [arm64]
    os: [win32]

  '@typescript/native-preview-win32-x64@7.0.0-dev.20260214.1':
    resolution: {integrity: sha512-BtF48TRUyiCKznlOcQ7r7EXhonGSanm9X2eu7d8Yq1vaWO5SDgB0e+ISQXSoIfs3a1S3d5S5QV/vTE4+vocPxA==}
    cpu: [x64]
    os: [win32]

  '@typescript/native-preview@7.0.0-dev.20260214.1':
    resolution: {integrity: sha512-BDM0ZLf2v6ilR0tDi8OMEr4X08lFCToPk3/p1SSE4GhagzmlU/5b+9slR0kKtaKMrds01FhvaKx6U9+NmAWgbQ==}
    hasBin: true

  csstype@3.2.3:
    resolution: {integrity: sha512-z1HGKcYy2xA8AGQfwrn0PAy+PB7X/GSj3UVJW9qKyn43xWa+gl5nXmU4qqLMRzWVLFC8KusUX8T/0kCiOYpAIQ==}

  is-docker@2.2.1:
    resolution: {integrity: sha512-F+i2BKsFrH66iaUFc0woD8sLy8getkwTwtOBjvs56Cx4CgJDeKQeqfz8wAYiSb8JOprWhHH5p77PbmYCvvUuXQ==}
    engines: {node: '>=8'}
    hasBin: true

  is-wsl@2.2.0:
    resolution: {integrity: sha512-fKzAra0rGJUUBwGBgNkHZuToZcn+TtXHpeCgmkMJMMYx1sQDYaCSyjJBSCa2nH1DGm7s3n1oBnohoVTBaN7Lww==}
    engines: {node: '>=8'}

  open@7.4.2:
    resolution: {integrity: sha512-MVHddDVweXZF3awtlAS+6pgKLlm/JgxZ90+/NBurBoQctVOOB/zDdVjcyPzQ+0laDGbsWgrRkflI65sQeOgT9Q==}
    engines: {node: '>=8'}

  prettier@2.8.8:
    resolution: {integrity: sha512-tdN8qQGvNjw4CHbY+XXk0JgCXn9QiF21a55rBe5LJAU+kDyC4WQn4+awm2Xfk2lQMk5fKup9XgzTZtGkjBdP9Q==}
    engines: {node: '>=10.13.0'}
    hasBin: true

  react-dom@19.2.4:
    resolution: {integrity: sha512-AXJdLo8kgMbimY95O2aKQqsz2iWi9jMgKJhRBAxECE4IFxfcazB2LmzloIoibJI3C12IlY20+KFaLv+71bUJeQ==}
    peerDependencies:
      react: ^19.2.4

  react@19.2.4:
    resolution: {integrity: sha512-9nfp2hYpCwOjAN+8TZFGhtWEwgvWHXqESH8qT89AT/lWklpLON22Lc8pEtnpsZz7VmawabSU0gCjnj8aC0euHQ==}
    engines: {node: '>=0.10.0'}

  scheduler@0.27.0:
    resolution: {integrity: sha512-eNv+WrVbKu1f3vbYJT/xtiF5syA5HPIMtf9IgY/nKg0sWqzAUEvqY/xm7OcZc/qafLx/iO9FgOmeSAp4v5ti/Q==}

  typescript@5.9.3:
    resolution: {integrity: sha512-jl1vZzPDinLr9eUt3J/t7V6FgNEw9QjvBPdysz9KfQDD41fQrC2Y4vKQdiaUpFT4bXlb1RHhLpp8wtm6M5TgSw==}
    engines: {node: '>=14.17'}
    hasBin: true

  undici-types@6.21.0:
    resolution: {integrity: sha512-iwDZqg0QAGrg9Rav5H4n0M64c3mkR59cJ6wQp+7C4nI0gsmExaedaYLNO44eT4AtBBwjbTiGPMlt2Md0T9H9JQ==}

snapshots:

  '@types/node@22.19.11':
    dependencies:
      undici-types: 6.21.0

  '@types/react-dom@19.2.3(@types/react@19.2.14)':
    dependencies:
      '@types/react': 19.2.14

  '@types/react@19.2.14':
    dependencies:
      csstype: 3.2.3

  '@types/spotify-api@0.0.25': {}

  '@typescript/native-preview-darwin-arm64@7.0.0-dev.20260214.1':
    optional: true

  '@typescript/native-preview-darwin-x64@7.0.0-dev.20260214.1':
    optional: true

  '@typescript/native-preview-linux-arm64@7.0.0-dev.20260214.1':
    optional: true

  '@typescript/native-preview-linux-arm@7.0.0-dev.20260214.1':
    optional: true

  '@typescript/native-preview-linux-x64@7.0.0-dev.20260214.1':
    optional: true

  '@typescript/native-preview-win32-arm64@7.0.0-dev.20260214.1':
    optional: true

  '@typescript/native-preview-win32-x64@7.0.0-dev.20260214.1':
    optional: true

  '@typescript/native-preview@7.0.0-dev.20260214.1':
    optionalDependencies:
      '@typescript/native-preview-darwin-arm64': 7.0.0-dev.20260214.1
      '@typescript/native-preview-darwin-x64': 7.0.0-dev.20260214.1
      '@typescript/native-preview-linux-arm': 7.0.0-dev.20260214.1
      '@typescript/native-preview-linux-arm64': 7.0.0-dev.20260214.1
      '@typescript/native-preview-linux-x64': 7.0.0-dev.20260214.1
      '@typescript/native-preview-win32-arm64': 7.0.0-dev.20260214.1
      '@typescript/native-preview-win32-x64': 7.0.0-dev.20260214.1

  csstype@3.2.3: {}

  is-docker@2.2.1: {}

  is-wsl@2.2.0:
    dependencies:
      is-docker: 2.2.1

  open@7.4.2:
    dependencies:
      is-docker: 2.2.1
      is-wsl: 2.2.0

  prettier@2.8.8: {}

  react-dom@19.2.4(react@19.2.4):
    dependencies:
      react: 19.2.4
      scheduler: 0.27.0

  react@19.2.4: {}

  scheduler@0.27.0: {}

  typescript@5.9.3: {}

  undici-types@6.21.0: {}
